
Microsoft Visual Studio Solution File, Format Version 12.00
# Visual Studio Version 17
VisualStudioVersion = 17.9.34616.47
MinimumVisualStudioVersion = 10.0.40219.1
Project("{FAE04EC0-301F-11D3-BF4B-00C04F79EFBC}") = "DiscussionBackend", "DiscussionBackend\DiscussionBackend.csproj", "{232AE227-EE00-4C35-8E01-D48A5554AF31}"
EndProject
Global
	GlobalSection(SolutionConfigurationPlatforms) = preSolution
		Debug|Any CPU = Debug|Any CPU
		Release|Any CPU = Release|Any CPU
	EndGlobalSection
	GlobalSection(ProjectConfigurationPlatforms) = postSolution
		{232AE227-EE00-4C35-8E01-D48A5554AF31}.Debug|Any CPU.ActiveCfg = Debug|Any CPU
		{232AE227-EE00-4C35-8E01-D48A5554AF31}.Debug|Any CPU.Build.0 = Debug|Any CPU
		{232AE227-EE00-4C35-8E01-D48A5554AF31}.Release|Any CPU.ActiveCfg = Release|Any CPU
		{232AE227-EE00-4C35-8E01-D48A5554AF31}.Release|Any CPU.Build.0 = Release|Any CPU
	EndGlobalSection
	GlobalSection(SolutionProperties) = preSolution
		HideSolutionNode = FALSE
	EndGlobalSection
	GlobalSection(ExtensibilityGlobals) = postSolution
		SolutionGuid = {1EFDF116-3C51-4460-B7C2-BA35556E8267}
	EndGlobalSection
EndGlobal
